github.com/Knetic/govaluate v3.0.1-0.20171022003610-9aa49832a739+incompatible h1:1G1pk05UrOh0NlF1oeaaix1x8XzrfjIDK47TY0Zehcw=
github.com/Knetic/govaluate v3.0.1-0.20171022003610-9aa49832a739+incompatible/go.mod h1:r7JcOSlj0wfOMncg0iLm8Leh48TZaKVeNIfJntJ2wa0=
github.com/Masterminds/squirrel v1.3.0 h1:1HYpGMHYd/F3zQlbF8+G006xW8VZdiJw5U7ULvQIt5M=
github.com/Masterminds/squirrel v1.3.0/go.mod h1:yaPeOnPG5ZRwL9oKdTsO/prlkPbXWZlRVMQ/gGlzIuA=
github.com/andybalholm/brotli v1.0.4 h1:V7DdXeJtZscaqfNuAdSRuRFzuiKlHSC/Zh3zl9qY3JY=
github.com/andybalholm/brotli v1.0.4/go.mod h1:fO7iG3H7G2nSZ7m0zPUDn85XEX2GTukHGRSepvi9Eig=
github.com/casbin/casbin v1.9.1 h1:ucjbS5zTrmSLtH4XogqOG920Poe6QatdXtz1FEbApeM=
github.com/casbin/casbin v1.9.1/go.mod h1:z8uPsfBJGUsnkagrt3G8QvjgTKFMBJ32UP8HpZllfog=
github.com/davecgh/go-spew v1.1.1 h1:vj9j/u1bqnvCEfJOwUhtlOARqs3+rkHYY13jYWTU97c=
github.com/davecgh/go-spew v1.1.1/go.mod h1:J7Y8YcW2NihsgmVo/mv3lAwl/skON4iLHjSsI+c5H38=
github.com/denisenkom/go-mssqldb v0.0.0-20191124224453-732737034ffd h1:83Wprp6ROGeiHFAP8WJdI2RoxALQYgdllERc3N5N2DM=
github.com/denisenkom/go-mssqldb v0.0.0-20191124224453-732737034ffd/go.mod h1:xbL0rPBG9cCiLr28tMa8zpbdarY27NDyej4t/EjAShU=
github.com/erikstmartin/go-testdb v0.0.0-20160219214506-8d10e4a1bae5 h1:Yzb9+7DPaBjB8zlTR87/ElzFsnQfuHnVUVqpZZIcV5Y=
github.com/erikstmartin/go-testdb v0.0.0-20160219214506-8d10e4a1bae5/go.mod h1:a2zkGnVExMxdzMo3M0Hi/3sEU+cWnZpSni0O6/Yb/P0=
github.com/flosch/pongo2 v0.0.0-20190707114632-bbf5a6c351f4 h1:GY1+t5Dr9OKADM64SYnQjw/w99HMYvQ0A8/JoUkxVmc=
github.com/flosch/pongo2 v0.0.0-20190707114632-bbf5a6c351f4/go.mod h1:T9YF2M40nIgbVgp3rreNmTged+9HrbNTIQf1PsaIiTA=
github.com/fsnotify/fsnotify v1.9.0 h1:2Ml+OJNzbYCTzsxtv8vKSFD9PbJjmhYF14k/jKC7S9k=
github.com/fsnotify/fsnotify v1.9.0/go.mod h1:8jBTzvmWwFyi3Pb8djgCCO5IBqzKJ/Jwo8TRcHyHii0=
github.com/go-check/check v0.0.0-20180628173108-788fd7840127 h1:0gkP6mzaMqkmpcJYCFOLkIBwI7xFExG03bbkOkCvUPI=
github.com/go-check/check v0.0.0-20180628173108-788fd7840127/go.mod h1:9ES+weclKsC9YodN5RgxqK/VD9HM9JsCSh7rNhMZE98=
github.com/go-gorp/gorp v2.2.0+incompatible h1:xAUh4QgEeqPPhK3vxZN+bzrim1z5Av6q837gtjUlshc=
github.com/go-gorp/gorp v2.2.0+incompatible/go.mod h1:7IfkAQnO7jfT/9IQ3R9wL1dFhukN6aQxzKTHnkxzA/E=
github.com/go-sql-driver/mysql v1.4.1/go.mod h1:zAC/RDZ24gD3HViQzih4MyKcchzm+sOG5ZlKdlhCg5w=
github.com/go-sql-driver/mysql v1.5.0 h1:ozyZYNQW3x3HtqT1jira07DN2PArx2v7/mN66gGcHOs=
github.com/go-sql-driver/mysql v1.5.0/go.mod h1:DCzpHaOWr8IXmIStZouvnhqoel9Qv2LBy8hT2VhHyBg=
github.com/go-stack/stack v1.8.1 h1:ntEHSVwIt7PNXNpgPmVfMrNhLtgjlmnZha2kOpuRiDw=
github.com/go-stack/stack v1.8.1/go.mod h1:dcoOX6HbPZSZptuspn9bctJ+N/CnF5gGygcUP3XYfe4=
github.com/golang-sql/civil v0.0.0-20190719163853-cb61b32ac6fe h1:lXe2qZdvpiX5WZkZR4hgp4KJVfY3nMkvmwbVkpv1rVY=
github.com/golang-sql/civil v0.0.0-20190719163853-cb61b32ac6fe/go.mod h1:8vg3r2VgvsThLBIFL93Qb5yWzgyZWhEmBwUJWevAkK0=
github.com/golang/protobuf v1.2.0/go.mod h1:6lQm79b+lXiMfvg/cZm0SGofjICqVBUtrP5yJMmIC1U=
github.com/google/uuid v1.6.0 h1:NIvaJDMOsjHA8n1jAhLSgzrAzy1Hgr+hNrb57e+94F0=
github.com/google/uuid v1.6.0/go.mod h1:TIyPZe4MgqvfeYDBFedMoGGpEw/LqOeaOT+nhxU+yHo=
github.com/inconshreveable/log15 v2.16.0+incompatible h1:6nvMKxtGcpgm7q0KiGs+Vc+xDvUXaBqsPKHWKsinccw=
github.com/inconshreveable/log15 v2.16.0+incompatible/go.mod h1:cOaXtrgN4ScfRrD9Bre7U1thNq5RtJ8ZoP4iXVGRj6o=
github.com/jinzhu/gorm v1.9.12 h1:Drgk1clyWT9t9ERbzHza6Mj/8FY/CqMyVzOiHviMo6Q=
github.com/jinzhu/gorm v1.9.12/go.mod h1:vhTjlKSJUTWNtcbQtrMBFCxy7eXTzeCAzfL5fBZT/Qs=
github.com/jinzhu/inflection v1.0.0 h1:K317FqzuhWc8YvSVlFMCCUb36O/S9MCKRDI7QkRKD/E=
github.com/jinzhu/inflection v1.0.0/go.mod h1:h+uFLlag+Qp1Va5pdKtLDYj+kHp5pxUVkryuEj+Srlc=
github.com/jinzhu/now v1.0.1 h1:HjfetcXq097iXP0uoPCdnM4Efp5/9MsM0/M+XOTeR3M=
github.com/jinzhu/now v1.0.1/go.mod h1:d3SSVoowX0Lcu0IBviAWJpolVfI5UJVZZ7cO71lE/z8=
github.com/juju/errors v0.0.0-20181118221551-089d3ea4e4d5 h1:rhqTjzJlm7EbkELJDKMTU7udov+Se0xZkWmugr6zGok=
github.com/juju/errors v0.0.0-20181118221551-089d3ea4e4d5/go.mod h1:W54LbzXuIE0boCoNJfwqpmkKJ1O4TCTZMetAt6jGk7Q=
github.com/juju/loggo v0.0.0-20180524022052-584905176618 h1:MK144iBQF9hTSwBW/9eJm034bVoG30IshVm688T2hi8=
github.com/juju/loggo v0.0.0-20180524022052-584905176618/go.mod h1:vgyd7OREkbtVEN/8IXZe5Ooef3LQePvuBm9UWj6ZL8U=
github.com/juju/testing v0.0.0-20180920084828-472a3e8b2073 h1:WQM1NildKThwdP7qWrNAFGzp4ijNLw8RlgENkaI4MJs=
github.com/juju/testing v0.0.0-20180920084828-472a3e8b2073/go.mod h1:63prj8cnj0tU0S9OHjGJn+b1h0ZghCndfnbQolrYTwA=
github.com/klauspost/compress v1.15.0 h1:xqfchp4whNFxn5A4XFyyYtitiWI8Hy5EW59jEwcyL6U=
github.com/klauspost/compress v1.15.0/go.mod h1:/3/Vjq9QcHkK5uEr5lBEmyoZ1iFhe47etQ6QUkpK6sk=
github.com/kr/pretty v0.1.0 h1:L/CwN0zerZDmRFUapSPitk6f+Q3+0za1rQkzVuMiMFI=
github.com/kr/pretty v0.1.0/go.mod h1:dAy3ld7l9f0ibDNOQOHHMYYIIbhfbHSm3C4ZsoJORNo=
github.com/kr/pty v1.1.1/go.mod h1:pFQYn66WHrOpPYNljwOMqo10TkYh1fy3cYio2l3bCsQ=
github.com/kr/text v0.1.0 h1:45sCR5RtlFHMR4UwH9sdQ5TC8v0qDQCHnXt+kaKSTVE=
github.com/kr/text v0.1.0/go.mod h1:4Jbv+DJW3UT/LiOwJeYQe1efqtUx/iVham/4vfdArNI=
github.com/lann/builder v0.0.0-20180802200727-47ae307949d0 h1:SOEGU9fKiNWd/HOJuq6+3iTQz8KNCLtVX6idSoTLdUw=
github.com/lann/builder v0.0.0-20180802200727-47ae307949d0/go.mod h1:dXGbAdH5GtBTC4WfIxhKZfyBF/HBFgRZSWwZ9g/He9o=
github.com/lann/ps v0.0.0-20150810152359-62de8c46ede0 h1:P6pPBnrTSX3DEVR4fDembhRWSsG5rVo6hYhAB/ADZrk=
github.com/lann/ps v0.0.0-20150810152359-62de8c46ede0/go.mod h1:vmVJ0l/dxyfGW6FmdpVm2joNMFikkuWg0EoCKLGUMNw=
github.com/lib/pq v1.1.1 h1:sJZmqHoEaY7f+NPP8pgLB/WxulyR3fewgCM2qaSlBb4=
github.com/lib/pq v1.1.1/go.mod h1:5WUZQaWbwv1U+lTReE5YruASi9Al49XbQIvNi/34Woo=
github.com/mattn/go-colorable v0.1.14 h1:9A9LHSqF/7dyVVX6g0U9cwm9pG3kP9gSzcuIPHPsaIE=
github.com/mattn/go-colorable v0.1.14/go.mod h1:6LmQG8QLFO4G5z1gPvYEzlUgJ2wF+stgPZH1UqBm1s8=
github.com/mattn/go-isatty v0.0.20 h1:xfD0iDuEKnDkl03q4limB+vH+GxLEtL/jb4xVJSWWEY=
github.com/mattn/go-isatty v0.0.20/go.mod h1:W+V8PltTTMOvKvAeJH7IuucS94S2C6jfK/D7dTCTo3Y=
github.com/mattn/go-sqlite3 v2.0.1+incompatible h1:xQ15muvnzGBHpIpdrNi1DA5x0+TcBZzsIDwmw9uTHzw=
github.com/mattn/go-sqlite3 v2.0.1+incompatible/go.mod h1:FPy6KqzDD04eiIsT53CuJW3U88zkxoIYsOqkbpncsNc=
github.com/mattn/goveralls v0.0.2/go.mod h1:8d1ZMHsd7fW6IRPKQh46F2WRpyib5/X4FOpevwGNQEw=
github.com/newrelic/go-agent v3.4.0+incompatible h1:GhUhNLDdR3ETfUVJAN/czXlqRTcgbPs6U02jYhf15rg=
github.com/newrelic/go-agent v3.4.0+incompatible/go.mod h1:a8Fv1b/fYhFSReoTU6HDkTYIMZeSVNffmoS726Y0LzQ=
github.com/pmezard/go-difflib v1.0.0 h1:4DBwDE0NGyQoBHbLQYPwSUPoCMWR5BEzIk/f1lZbAQM=
github.com/pmezard/go-difflib v1.0.0/go.mod h1:iKH77koFhYxTK1pcRnkKkqfTogsbg7gZNVY4sRDYZ/4=
github.com/poy/onpar v0.0.0-20200406201722-06f95a1c68e8 h1:9l4ZflKvAPvgJy4S4U993X/WL8uqVMf7CkESXG/1ujA=
github.com/poy/onpar v0.0.0-20200406201722-06f95a1c68e8/go.mod h1:nSbFQvMj97ZyhFRSJYtut+msi4sOY6zJDGCdSc+/rZU=
github.com/str20tbl/config v0.0.0-20181008051942-a81c4105c368 h1:6YgC/arqnJddX54LYXhMsy3OpjO4ZGKAL4fbg1RVdWI=
github.com/str20tbl/config v0.0.0-20181008051942-a81c4105c368/go.mod h1:d5yurPHygYqK7AngBITL3z64hhSR/Zycuyrr+gYnIHM=
github.com/str20tbl/cron v0.0.0-20201020132948-031e64e1e03c h1:aeCAoHwv0E4pMiNqvtNyor45ZuSK59tgFrFnn6c1Zvo=
github.com/str20tbl/cron v0.0.0-20201020132948-031e64e1e03c/go.mod h1:Ccr+jFiKs00Gcj/0kJ8YpI73Oo4WmRThbSi1eQCB4Uw=
github.com/str20tbl/log15 v0.0.0-20171212200325-793412a67da6 h1:pTEwr6qqQkbvxykiripSF81CtFUG5zo6RaJo+1wPw3Q=
github.com/str20tbl/log15 v0.0.0-20171212200325-793412a67da6/go.mod h1:GKD9s+QdSrcfh5yG43vAoV+noMOOMpFvp4AvVqaonh0=
github.com/str20tbl/pathtree v0.0.0-20140121041023-41257a1839e9 h1:2WoehH+hMV7HzbIXlyusb9ACL4Mx/zbXW3+++eBDJUY=
github.com/str20tbl/pathtree v0.0.0-20140121041023-41257a1839e9/go.mod h1:+8pu2DoL/Vqtf9pNe5sZJm/iJs6vhXcTcmVPqFDt+Uk=
github.com/str20tbl/revel v0.0.0-20251103154036-57e898703110 h1:QEYSxj9npTvLPq1AUn5sSi7HfezPYgJHYMn1zar3UKM=
github.com/str20tbl/revel v0.0.0-20251103154036-57e898703110/go.mod h1:l3lm6/OJFd9ToQvaMTMSyMtawOASDo+upALjHKlpgBQ=
github.com/stretchr/testify v1.2.2/go.mod h1:a8OnRcib4nhh0OaRAV+Yts87kKdq0PP7pXfy6kDkUVs=
github.com/stretchr/testify v1.11.1 h1:7s2iGBzp5EwR7/aIZr8ao5+dra3wiQyKjjFuvgVKu7U=
github.com/stretchr/testify v1.11.1/go.mod h1:wZwfW3scLgRK+23gO65QZefKpKQRnfz6sD981Nm4B6U=
github.com/tylerb/gls v0.0.0-20150407001822-e606233f194d h1:yYYPFFlbqxF5mrj5sEfETtM/Ssz2LTy0/VKlDdXYctc=
github.com/tylerb/gls v0.0.0-20150407001822-e606233f194d/go.mod h1:0MwyId/pXK5wkYYEXe7NnVknX+aNBuF73fLV3U0reU8=
github.com/tylerb/is v2.1.4+incompatible h1:BMf2zP0kY2Ykzx2W1fDrjwKj1x1B4E0mELkpjaNy1tM=
github.com/tylerb/is v2.1.4+incompatible/go.mod h1:3Bw2NWEEe8Kx7/etYqgm9ug53iNDgabnloch75jjOSc=
github.com/valyala/bytebufferpool v1.0.0 h1:GqA5TC/0021Y/b9FG4Oi9Mr3q7XYx6KllzawFIhcdPw=
github.com/valyala/bytebufferpool v1.0.0/go.mod h1:6bBcMArwyJ5K/AmCkWv1jt77kVWyCJ6HpOuEn7z0Csc=
github.com/valyala/fasthttp v1.34.0 h1:d3AAQJ2DRcxJYHm7OXNXtXt2as1vMDfxeIcFvhmGGm4=
github.com/valyala/fasthttp v1.34.0/go.mod h1:epZA5N+7pY6ZaEKRmstzOuYJx9HI8DI1oaCGZpdH4h0=
github.com/valyala/tcplisten v1.0.0 h1:rBHj/Xf+E1tRGZyWIWwJDiRY0zc1Js+CV5DqwacVSA8=
github.com/valyala/tcplisten v1.0.0/go.mod h1:T0xQ8SeCZGxckz9qRXTfG43PvQ/mcWh7FwZEA7Ioqkc=
github.com/xeonx/timeago v1.0.0-rc5 h1:pwcQGpaH3eLfPtXeyPA4DmHWjoQt0Ea7/++FwpxqLxg=
github.com/xeonx/timeago v1.0.0-rc5/go.mod h1:qDLrYEFynLO7y5Ho7w3GwgtYgpy5UfhcXIIQvMKVDkA=
github.com/yosssi/ace v0.0.5 h1:tUkIP/BLdKqrlrPwcmH0shwEEhTRHoGnc1wFIWmaBUA=
github.com/yosssi/ace v0.0.5/go.mod h1:ALfIzm2vT7t5ZE7uoIZqF3TQ7SAOyupFZnkrF5id+K0=
github.com/ziutek/mymysql v1.5.4 h1:GB0qdRGsTwQSBVYuVShFBKaXSnSnYYC2d9knnE1LHFs=
github.com/ziutek/mymysql v1.5.4/go.mod h1:LMSpPZ6DbqWFxNCHW77HeMg9I646SAhApZ/wKdgO/C0=
golang.org/x/crypto v0.0.0-20190308221718-c2843e01d9a2/go.mod h1:djNgcEr1/C05ACkg1iLfiJU5Ep61QUkGW8qpdssI0+w=
golang.org/x/crypto v0.0.0-20190325154230-a5d413f7728c/go.mod h1:djNgcEr1/C05ACkg1iLfiJU5Ep61QUkGW8qpdssI0+w=
golang.org/x/crypto v0.0.0-20191205180655-e7c4368fe9dd/go.mod h1:LzIPMQfyMNhhGPhUkYOs5KpL4U8rLKemX1yGLhDgUto=
golang.org/x/crypto v0.0.0-20220214200702-86341886e292/go.mod h1:IxCIyHEi3zRg3s0A5j5BB6A9Jmi73HwBIUl50j+osU4=
golang.org/x/crypto v0.43.0 h1:dduJYIi3A3KOfdGOHX8AVZ/jGiyPa3IbBozJ5kNuE04=
golang.org/x/crypto v0.43.0/go.mod h1:BFbav4mRNlXJL4wNeejLpWxB7wMbc79PdRGhWKncxR0=
golang.org/x/net v0.0.0-20180724234803-3673e40ba225/go.mod h1:mL1N/T3taQHkDXs73rZJwtUhF3w3ftmwwsq0BUmARs4=
golang.org/x/net v0.0.0-20190404232315-eb5bcb51f2a3/go.mod h1:t9HGtf8HONx5eT2rtn7q6eTqICYqUVnKs3thJo3Qplg=
golang.org/x/net v0.0.0-20211112202133-69e39bad7dc2/go.mod h1:9nx3DQGgdP8bBQD5qxJ1jj9UTztislL4KSBs9R2vV5Y=
golang.org/x/net v0.0.0-20220225172249-27dd8689420f/go.mod h1:CfG3xpIq0wQ8r1q4Su4UZFWDARRcnwPjda9FqA0JpMk=
golang.org/x/net v0.46.0 h1:giFlY12I07fugqwPuWJi68oOnpfqFnJIJzaIIm2JVV4=
golang.org/x/net v0.46.0/go.mod h1:Q9BGdFy1y4nkUwiLvT5qtyhAnEHgnQ/zd8PfU6nc210=
golang.org/x/sys v0.0.0-20190215142949-d0b11bdaac8a/go.mod h1:STP8DvDyc/dI5b8T5hshtkjS+E42TnysNCUPdjciGhY=
golang.org/x/sys v0.0.0-20190412213103-97732733099d/go.mod h1:h1NjWce9XRLGQEsW7wpKNCjG9DtNlClVuFLEZdDNbEs=
golang.org/x/sys v0.0.0-20201119102817-f84b799fce68/go.mod h1:h1NjWce9XRLGQEsW7wpKNCjG9DtNlClVuFLEZdDNbEs=
golang.org/x/sys v0.0.0-20210423082822-04245dca01da/go.mod h1:h1NjWce9XRLGQEsW7wpKNCjG9DtNlClVuFLEZdDNbEs=
golang.org/x/sys v0.0.0-20210615035016-665e8c7367d1/go.mod h1:oPkhp1MJrh7nUepCBck5+mAzfO9JrbApNNgaTdGDITg=
golang.org/x/sys v0.0.0-20211216021012-1d35b9e2eb4e/go.mod h1:oPkhp1MJrh7nUepCBck5+mAzfO9JrbApNNgaTdGDITg=
golang.org/x/sys v0.0.0-20220227234510-4e6760a101f9/go.mod h1:oPkhp1MJrh7nUepCBck5+mAzfO9JrbApNNgaTdGDITg=
golang.org/x/sys v0.6.0/go.mod h1:oPkhp1MJrh7nUepCBck5+mAzfO9JrbApNNgaTdGDITg=
golang.org/x/sys v0.37.0 h1:fdNQudmxPjkdUTPnLn5mdQv7Zwvbvpaxqs831goi9kQ=
golang.org/x/sys v0.37.0/go.mod h1:OgkHotnGiDImocRcuBABYBEXf8A9a87e/uXjp9XT3ks=
golang.org/x/term v0.0.0-20201126162022-7de9c90e9dd1/go.mod h1:bj7SfCRtBDWHUb9snDiAeCFNEtKQo2Wmx5Cou7ajbmo=
golang.org/x/term v0.0.0-20210927222741-03fcf44c2211/go.mod h1:jbD1KX2456YbFQfuXm/mYQcufACuNUgVhRMnK/tPxf8=
golang.org/x/text v0.3.0/go.mod h1:NqM8EUOU14njkJ3fqMW+pc6Ldnwhi/IjpwHt7yyuwOQ=
golang.org/x/text v0.3.6/go.mod h1:5Zoc/QRtKVWzQhOtBMvqHzDpF6irO9z98xDceosuGiQ=
golang.org/x/text v0.3.7/go.mod h1:u+2+/6zg+i71rQMx5EYifcz6MCKuco9NR6JIITiCfzQ=
golang.org/x/tools v0.0.0-20180917221912-90fa682c2a6e/go.mod h1:n7NCudcB/nEzxVGmLbDWY5pfWTLqBcC2KZ6jyYvM4mQ=
golang.org/x/tools v0.0.0-20181221001348-537d06c36207/go.mod h1:n7NCudcB/nEzxVGmLbDWY5pfWTLqBcC2KZ6jyYvM4mQ=
google.golang.org/appengine v1.4.0/go.mod h1:xpcJRLb0r/rnEns0DIKYYv+WjYCduHsrkT7/EB5XEv4=
gopkg.in/check.v1 v0.0.0-20161208181325-20d25e280405 h1:yhCVgyC4o1eVCa2tZl7eS0r+SDo693bJlVdllGtEeKM=
gopkg.in/check.v1 v0.0.0-20161208181325-20d25e280405/go.mod h1:Co6ibVJAznAaIkqp8huTwlJQCZ016jof/cbN4VW5Yz0=
gopkg.in/mgo.v2 v2.0.0-20180705113604-9856a29383ce h1:xcEWjVhvbDy+nHP67nPDDpbYrY+ILlfndk4bRioVHaU=
gopkg.in/mgo.v2 v2.0.0-20180705113604-9856a29383ce/go.mod h1:yeKp02qBN3iKW1OzL3MGk2IdtZzaj7SFntXj72NppTA=
gopkg.in/natefinch/lumberjack.v2 v2.2.1 h1:bBRl1b0OH9s/DuPhuXpNl+VtCaJXFZ5/uEFST95x9zc=
gopkg.in/natefinch/lumberjack.v2 v2.2.1/go.mod h1:YD8tP3GAjkrDg1eZH7EGmyESg/lsYskCTPBJVb9jqSc=
gopkg.in/stack.v0 v0.0.0-20141108040640-9b43fcefddd0 h1:lMH45EKqD8Nf6LwoF+43YOKjOAEEHQRVgDyG8RCV4MU=
gopkg.in/stack.v0 v0.0.0-20141108040640-9b43fcefddd0/go.mod h1:kl/bNzW/jgTgUOCGDj3XPn9/Hbfhw6pjfBRUnaTioFQ=
gopkg.in/yaml.v2 v2.2.2 h1:ZCJp+EgiOT7lHqUV2J862kp8Qj64Jo6az82+3Td9dZw=
gopkg.in/yaml.v2 v2.2.2/go.mod h1:hI93XBmqTisBFMUTm0b8Fm+jr3Dg1NNxqwp+5A1VGuI=
gopkg.in/yaml.v3 v3.0.1 h1:fxVm/GzAzEWqLHuvctI91KS9hhNmmWOoWu0XTYJS7CA=
gopkg.in/yaml.v3 v3.0.1/go.mod h1:K4uyk7z7BCEPqu6E+C64Yfv1cQ7kz7rIZviUmN+EgEM=
